# This file is automatically @generated by Cargo.
# It is not intended for manual editing.
version = 4

[[package]]
name = "torca-attachments"
version = "0.1.0-alpha.0"
dependencies = ["torca-foundation", "torca-messaging"]

[[package]]
name = "torca-bridge"
version = "0.1.0-alpha.0"
dependencies = ["torca-client-engine", "torca-contacts", "torca-conversations", "torca-foundation", "torca-identity", "torca-messaging", "torca-pairing", "torca-receipts"]

[[package]]
name = "torca-client-engine"
version = "0.1.0-alpha.0"
dependencies = ["torca-contacts", "torca-conversations", "torca-foundation", "torca-identity", "torca-messaging", "torca-pairing", "torca-receipts"]

[[package]]
name = "torca-contacts"
version = "0.1.0-alpha.0"
dependencies = ["torca-foundation", "torca-identity"]

[[package]]
name = "torca-contract-gen"
version = "0.1.0-alpha.0"
dependencies = ["torca-bridge"]

[[package]]
name = "torca-conversations"
version = "0.1.0-alpha.0"
dependencies = ["torca-contacts", "torca-foundation"]

[[package]]
name = "torca-crypto"
version = "0.1.0-alpha.0"
dependencies = ["torca-foundation"]

[[package]]
name = "torca-diagnostics"
version = "0.1.0-alpha.0"
dependencies = ["torca-foundation"]

[[package]]
name = "torca-file-storage"
version = "0.1.0-alpha.0"
dependencies = ["torca-attachments", "torca-crypto", "torca-foundation"]

[[package]]
name = "torca-foundation"
version = "0.1.0-alpha.0"

[[package]]
name = "torca-identity"
version = "0.1.0-alpha.0"
dependencies = ["torca-foundation"]

[[package]]
name = "torca-integration"
version = "0.1.0-alpha.0"
dependencies = ["torca-attachments", "torca-client-engine", "torca-contacts", "torca-conversations", "torca-crypto", "torca-file-storage", "torca-foundation", "torca-identity", "torca-messaging", "torca-pairing", "torca-receipts"]

[[package]]
name = "torca-messaging"
version = "0.1.0-alpha.0"
dependencies = ["torca-conversations", "torca-foundation"]

[[package]]
name = "torca-pairing"
version = "0.1.0-alpha.0"
dependencies = ["torca-contacts", "torca-foundation", "torca-identity"]

[[package]]
name = "torca-peer"
version = "0.1.0-alpha.0"
dependencies = ["torca-foundation", "torca-peer-protocol"]

[[package]]
name = "torca-peer-protocol"
version = "0.1.0-alpha.0"
dependencies = ["torca-foundation", "torca-wire"]

[[package]]
name = "torca-platform"
version = "0.1.0-alpha.0"

[[package]]
name = "torca-projections"
version = "0.1.0-alpha.0"
dependencies = ["torca-contacts", "torca-conversations", "torca-messaging"]

[[package]]
name = "torca-receipts"
version = "0.1.0-alpha.0"
dependencies = ["torca-foundation", "torca-messaging"]

[[package]]
name = "torca-relay"
version = "0.1.0-alpha.0"
dependencies = ["torca-foundation", "torca-relay-protocol"]

[[package]]
name = "torca-relay-protocol"
version = "0.1.0-alpha.0"
dependencies = ["torca-foundation"]

[[package]]
name = "torca-storage-sqlite"
version = "0.1.0-alpha.0"
dependencies = ["torca-client-engine", "torca-contacts", "torca-conversations", "torca-foundation", "torca-identity", "torca-messaging", "torca-receipts"]

[[package]]
name = "torca-transport-tor"
version = "0.1.0-alpha.0"

[[package]]
name = "torca-wire"
version = "0.1.0-alpha.0"
dependencies = ["torca-foundation"]
